
Microsoft Visual Studio Solution File, Format Version 12.00
# Visual Studio Version 17
VisualStudioVersion = 17.2.32630.192
MinimumVisualStudioVersion = 10.0.40219.1
Project("{9A19103F-16F7-4668-BE54-9A1E7A4F7556}") = "F10Y.T0012.Construction", "F10Y.T0012.Construction\F10Y.T0012.Construction.csproj", "{99F6D61B-1474-4B04-9C10-602D887C6B77}"
EndProject
Project("{9A19103F-16F7-4668-BE54-9A1E7A4F7556}") = "F10Y.T0012", "F10Y.T0012\F10Y.T0012.csproj", "{6032D6FF-1078-46C6-B2C1-B82281256D65}"
EndProject
Global
	GlobalSection(SolutionConfigurationPlatforms) = preSolution
		Debug|Any CPU = Debug|Any CPU
		Release|Any CPU = Release|Any CPU
	EndGlobalSection
	GlobalSection(ProjectConfigurationPlatforms) = postSolution
		{99F6D61B-1474-4B04-9C10-602D887C6B77}.Debug|Any CPU.ActiveCfg = Debug|Any CPU
		{99F6D61B-1474-4B04-9C10-602D887C6B77}.Debug|Any CPU.Build.0 = Debug|Any CPU
		{99F6D61B-1474-4B04-9C10-602D887C6B77}.Release|Any CPU.ActiveCfg = Release|Any CPU
		{99F6D61B-1474-4B04-9C10-602D887C6B77}.Release|Any CPU.Build.0 = Release|Any CPU
		{6032D6FF-1078-46C6-B2C1-B82281256D65}.Debug|Any CPU.ActiveCfg = Debug|Any CPU
		{6032D6FF-1078-46C6-B2C1-B82281256D65}.Debug|Any CPU.Build.0 = Debug|Any CPU
		{6032D6FF-1078-46C6-B2C1-B82281256D65}.Release|Any CPU.ActiveCfg = Release|Any CPU
		{6032D6FF-1078-46C6-B2C1-B82281256D65}.Release|Any CPU.Build.0 = Release|Any CPU
	EndGlobalSection
	GlobalSection(SolutionProperties) = preSolution
		HideSolutionNode = FALSE
	EndGlobalSection
	GlobalSection(ExtensibilityGlobals) = postSolution
		SolutionGuid = {946A43C9-7CDD-4EEB-A2FA-11F9394ACFAC}
	EndGlobalSection
EndGlobal
